
Microsoft Visual Studio Solution File, Format Version 12.00
# Visual Studio Version 16
VisualStudioVersion = 16.0.30114.105
MinimumVisualStudioVersion = 10.0.40219.1
Project("{FAE04EC0-301F-11D3-BF4B-00C04F79EFBC}") = "SeriesFilmes", "SeriesFilmes\SeriesFilmes.csproj", "{454950DE-6953-4088-9A6D-10C99FE63034}"
EndProject
Project("{FAE04EC0-301F-11D3-BF4B-00C04F79EFBC}") = "SeriesFilmes.Console", "SeriesFilmes.Console\SeriesFilmes.Console.csproj", "{DA1FF676-9CFB-43A0-9529-5F28046A48BD}"
EndProject
Global
	GlobalSection(SolutionConfigurationPlatforms) = preSolution
		Debug|Any CPU = Debug|Any CPU
		Release|Any CPU = Release|Any CPU
	EndGlobalSection
	GlobalSection(SolutionProperties) = preSolution
		HideSolutionNode = FALSE
	EndGlobalSection
	GlobalSection(ProjectConfigurationPlatforms) = postSolution
		{454950DE-6953-4088-9A6D-10C99FE63034}.Debug|Any CPU.ActiveCfg = Debug|Any CPU
		{454950DE-6953-4088-9A6D-10C99FE63034}.Debug|Any CPU.Build.0 = Debug|Any CPU
		{454950DE-6953-4088-9A6D-10C99FE63034}.Release|Any CPU.ActiveCfg = Release|Any CPU
		{454950DE-6953-4088-9A6D-10C99FE63034}.Release|Any CPU.Build.0 = Release|Any CPU
		{DA1FF676-9CFB-43A0-9529-5F28046A48BD}.Debug|Any CPU.ActiveCfg = Debug|Any CPU
		{DA1FF676-9CFB-43A0-9529-5F28046A48BD}.Debug|Any CPU.Build.0 = Debug|Any CPU
		{DA1FF676-9CFB-43A0-9529-5F28046A48BD}.Release|Any CPU.ActiveCfg = Release|Any CPU
		{DA1FF676-9CFB-43A0-9529-5F28046A48BD}.Release|Any CPU.Build.0 = Release|Any CPU
	EndGlobalSection
EndGlobal
